
Microsoft Visual Studio Solution File, Format Version 12.00
# Visual Studio Version 16
VisualStudioVersion = 16.0.32106.194
MinimumVisualStudioVersion = 10.0.40219.1
Project("{FAE04EC0-301F-11D3-BF4B-00C04F79EFBC}") = "04. Salaries", "04. Salaries\04. Salaries.csproj", "{F04E6F50-3D46-45ED-BBAD-47FAB0F0F009}"
EndProject
Global
	GlobalSection(SolutionConfigurationPlatforms) = preSolution
		Debug|Any CPU = Debug|Any CPU
		Release|Any CPU = Release|Any CPU
	EndGlobalSection
	GlobalSection(ProjectConfigurationPlatforms) = postSolution
		{F04E6F50-3D46-45ED-BBAD-47FAB0F0F009}.Debug|Any CPU.ActiveCfg = Debug|Any CPU
		{F04E6F50-3D46-45ED-BBAD-47FAB0F0F009}.Debug|Any CPU.Build.0 = Debug|Any CPU
		{F04E6F50-3D46-45ED-BBAD-47FAB0F0F009}.Release|Any CPU.ActiveCfg = Release|Any CPU
		{F04E6F50-3D46-45ED-BBAD-47FAB0F0F009}.Release|Any CPU.Build.0 = Release|Any CPU
	EndGlobalSection
	GlobalSection(SolutionProperties) = preSolution
		HideSolutionNode = FALSE
	EndGlobalSection
	GlobalSection(ExtensibilityGlobals) = postSolution
		SolutionGuid = {E8474488-BE62-4FB1-BB73-12EB32BDC779}
	EndGlobalSection
EndGlobal
