
Microsoft Visual Studio Solution File, Format Version 12.00
# Visual Studio Version 16
VisualStudioVersion = 16.0.32106.194
MinimumVisualStudioVersion = 10.0.40219.1
Project("{FAE04EC0-301F-11D3-BF4B-00C04F79EFBC}") = "01. Strings Mashup", "01. Strings Mashup\01. Strings Mashup.csproj", "{DD007663-1512-4627-84DE-43BAE1281AA0}"
EndProject
Global
	GlobalSection(SolutionConfigurationPlatforms) = preSolution
		Debug|Any CPU = Debug|Any CPU
		Release|Any CPU = Release|Any CPU
	EndGlobalSection
	GlobalSection(ProjectConfigurationPlatforms) = postSolution
		{DD007663-1512-4627-84DE-43BAE1281AA0}.Debug|Any CPU.ActiveCfg = Debug|Any CPU
		{DD007663-1512-4627-84DE-43BAE1281AA0}.Debug|Any CPU.Build.0 = Debug|Any CPU
		{DD007663-1512-4627-84DE-43BAE1281AA0}.Release|Any CPU.ActiveCfg = Release|Any CPU
		{DD007663-1512-4627-84DE-43BAE1281AA0}.Release|Any CPU.Build.0 = Release|Any CPU
	EndGlobalSection
	GlobalSection(SolutionProperties) = preSolution
		HideSolutionNode = FALSE
	EndGlobalSection
	GlobalSection(ExtensibilityGlobals) = postSolution
		SolutionGuid = {A84CFCF4-42CD-46B1-BB90-B91901FA5CB0}
	EndGlobalSection
EndGlobal
