
Microsoft Visual Studio Solution File, Format Version 12.00
# Visual Studio Version 16
VisualStudioVersion = 16.0.32106.194
MinimumVisualStudioVersion = 10.0.40219.1
Project("{FAE04EC0-301F-11D3-BF4B-00C04F79EFBC}") = "03. Path Finder", "03. Path Finder\03. Path Finder.csproj", "{F7DB42C4-249D-47CC-B5B2-76ECD0625ED6}"
EndProject
Global
	GlobalSection(SolutionConfigurationPlatforms) = preSolution
		Debug|Any CPU = Debug|Any CPU
		Release|Any CPU = Release|Any CPU
	EndGlobalSection
	GlobalSection(ProjectConfigurationPlatforms) = postSolution
		{F7DB42C4-249D-47CC-B5B2-76ECD0625ED6}.Debug|Any CPU.ActiveCfg = Debug|Any CPU
		{F7DB42C4-249D-47CC-B5B2-76ECD0625ED6}.Debug|Any CPU.Build.0 = Debug|Any CPU
		{F7DB42C4-249D-47CC-B5B2-76ECD0625ED6}.Release|Any CPU.ActiveCfg = Release|Any CPU
		{F7DB42C4-249D-47CC-B5B2-76ECD0625ED6}.Release|Any CPU.Build.0 = Release|Any CPU
	EndGlobalSection
	GlobalSection(SolutionProperties) = preSolution
		HideSolutionNode = FALSE
	EndGlobalSection
	GlobalSection(ExtensibilityGlobals) = postSolution
		SolutionGuid = {19477982-0238-4438-B874-68FCEE75379E}
	EndGlobalSection
EndGlobal
