
Microsoft Visual Studio Solution File, Format Version 12.00
# Visual Studio Version 16
VisualStudioVersion = 16.0.32106.194
MinimumVisualStudioVersion = 10.0.40219.1
Project("{FAE04EC0-301F-11D3-BF4B-00C04F79EFBC}") = "06. Road Reconstruction", "06. Road Reconstruction\06. Road Reconstruction.csproj", "{EC7890F9-7A04-4967-8E98-486FBBCA469E}"
EndProject
Global
	GlobalSection(SolutionConfigurationPlatforms) = preSolution
		Debug|Any CPU = Debug|Any CPU
		Release|Any CPU = Release|Any CPU
	EndGlobalSection
	GlobalSection(ProjectConfigurationPlatforms) = postSolution
		{EC7890F9-7A04-4967-8E98-486FBBCA469E}.Debug|Any CPU.ActiveCfg = Debug|Any CPU
		{EC7890F9-7A04-4967-8E98-486FBBCA469E}.Debug|Any CPU.Build.0 = Debug|Any CPU
		{EC7890F9-7A04-4967-8E98-486FBBCA469E}.Release|Any CPU.ActiveCfg = Release|Any CPU
		{EC7890F9-7A04-4967-8E98-486FBBCA469E}.Release|Any CPU.Build.0 = Release|Any CPU
	EndGlobalSection
	GlobalSection(SolutionProperties) = preSolution
		HideSolutionNode = FALSE
	EndGlobalSection
	GlobalSection(ExtensibilityGlobals) = postSolution
		SolutionGuid = {3E2AC378-64A7-4090-8AA8-E9DCA46FDFDF}
	EndGlobalSection
EndGlobal
