
Microsoft Visual Studio Solution File, Format Version 12.00
# Visual Studio Version 16
VisualStudioVersion = 16.0.32106.194
MinimumVisualStudioVersion = 10.0.40219.1
Project("{FAE04EC0-301F-11D3-BF4B-00C04F79EFBC}") = "05. Word Differences", "05. Word Differences\05. Word Differences.csproj", "{FB89009A-0B8A-4D7D-9406-D4AB691F954E}"
EndProject
Global
	GlobalSection(SolutionConfigurationPlatforms) = preSolution
		Debug|Any CPU = Debug|Any CPU
		Release|Any CPU = Release|Any CPU
	EndGlobalSection
	GlobalSection(ProjectConfigurationPlatforms) = postSolution
		{FB89009A-0B8A-4D7D-9406-D4AB691F954E}.Debug|Any CPU.ActiveCfg = Debug|Any CPU
		{FB89009A-0B8A-4D7D-9406-D4AB691F954E}.Debug|Any CPU.Build.0 = Debug|Any CPU
		{FB89009A-0B8A-4D7D-9406-D4AB691F954E}.Release|Any CPU.ActiveCfg = Release|Any CPU
		{FB89009A-0B8A-4D7D-9406-D4AB691F954E}.Release|Any CPU.Build.0 = Release|Any CPU
	EndGlobalSection
	GlobalSection(SolutionProperties) = preSolution
		HideSolutionNode = FALSE
	EndGlobalSection
	GlobalSection(ExtensibilityGlobals) = postSolution
		SolutionGuid = {8B3A3C87-F39C-4465-B5FF-49A20BE59779}
	EndGlobalSection
EndGlobal
