
Microsoft Visual Studio Solution File, Format Version 12.00
# Visual Studio Version 16
VisualStudioVersion = 16.0.32106.194
MinimumVisualStudioVersion = 10.0.40219.1
Project("{FAE04EC0-301F-11D3-BF4B-00C04F79EFBC}") = "01. Fibonacci", "01. Fibonacci\01. Fibonacci.csproj", "{FAC43B75-3A9C-4037-9F7E-99EC94EAF805}"
EndProject
Global
	GlobalSection(SolutionConfigurationPlatforms) = preSolution
		Debug|Any CPU = Debug|Any CPU
		Release|Any CPU = Release|Any CPU
	EndGlobalSection
	GlobalSection(ProjectConfigurationPlatforms) = postSolution
		{FAC43B75-3A9C-4037-9F7E-99EC94EAF805}.Debug|Any CPU.ActiveCfg = Debug|Any CPU
		{FAC43B75-3A9C-4037-9F7E-99EC94EAF805}.Debug|Any CPU.Build.0 = Debug|Any CPU
		{FAC43B75-3A9C-4037-9F7E-99EC94EAF805}.Release|Any CPU.ActiveCfg = Release|Any CPU
		{FAC43B75-3A9C-4037-9F7E-99EC94EAF805}.Release|Any CPU.Build.0 = Release|Any CPU
	EndGlobalSection
	GlobalSection(SolutionProperties) = preSolution
		HideSolutionNode = FALSE
	EndGlobalSection
	GlobalSection(ExtensibilityGlobals) = postSolution
		SolutionGuid = {D8F8FE01-826A-4E2F-BE68-0F5F11AD1F7B}
	EndGlobalSection
EndGlobal
