
Microsoft Visual Studio Solution File, Format Version 12.00
# Visual Studio Version 16
VisualStudioVersion = 16.0.32106.194
MinimumVisualStudioVersion = 10.0.40219.1
Project("{FAE04EC0-301F-11D3-BF4B-00C04F79EFBC}") = "06. Merge Sort", "06. Merge Sort\06. Merge Sort.csproj", "{70B48AA0-F652-4335-AE50-2E38EEEA29E7}"
EndProject
Global
	GlobalSection(SolutionConfigurationPlatforms) = preSolution
		Debug|Any CPU = Debug|Any CPU
		Release|Any CPU = Release|Any CPU
	EndGlobalSection
	GlobalSection(ProjectConfigurationPlatforms) = postSolution
		{70B48AA0-F652-4335-AE50-2E38EEEA29E7}.Debug|Any CPU.ActiveCfg = Debug|Any CPU
		{70B48AA0-F652-4335-AE50-2E38EEEA29E7}.Debug|Any CPU.Build.0 = Debug|Any CPU
		{70B48AA0-F652-4335-AE50-2E38EEEA29E7}.Release|Any CPU.ActiveCfg = Release|Any CPU
		{70B48AA0-F652-4335-AE50-2E38EEEA29E7}.Release|Any CPU.Build.0 = Release|Any CPU
	EndGlobalSection
	GlobalSection(SolutionProperties) = preSolution
		HideSolutionNode = FALSE
	EndGlobalSection
	GlobalSection(ExtensibilityGlobals) = postSolution
		SolutionGuid = {38C121A6-2289-4847-972B-6477DCF9C5AB}
	EndGlobalSection
EndGlobal
