
Microsoft Visual Studio Solution File, Format Version 12.00
# Visual Studio Version 16
VisualStudioVersion = 16.0.32106.194
MinimumVisualStudioVersion = 10.0.40219.1
Project("{FAE04EC0-301F-11D3-BF4B-00C04F79EFBC}") = "06. Connecting Cables", "06. Connecting Cables\06. Connecting Cables.csproj", "{3CDD5D0B-7127-41EA-8D64-193509E0CB4B}"
EndProject
Global
	GlobalSection(SolutionConfigurationPlatforms) = preSolution
		Debug|Any CPU = Debug|Any CPU
		Release|Any CPU = Release|Any CPU
	EndGlobalSection
	GlobalSection(ProjectConfigurationPlatforms) = postSolution
		{3CDD5D0B-7127-41EA-8D64-193509E0CB4B}.Debug|Any CPU.ActiveCfg = Debug|Any CPU
		{3CDD5D0B-7127-41EA-8D64-193509E0CB4B}.Debug|Any CPU.Build.0 = Debug|Any CPU
		{3CDD5D0B-7127-41EA-8D64-193509E0CB4B}.Release|Any CPU.ActiveCfg = Release|Any CPU
		{3CDD5D0B-7127-41EA-8D64-193509E0CB4B}.Release|Any CPU.Build.0 = Release|Any CPU
	EndGlobalSection
	GlobalSection(SolutionProperties) = preSolution
		HideSolutionNode = FALSE
	EndGlobalSection
	GlobalSection(ExtensibilityGlobals) = postSolution
		SolutionGuid = {5FF5DA22-846F-4E1C-BF30-F8EB8D057614}
	EndGlobalSection
EndGlobal
