
Microsoft Visual Studio Solution File, Format Version 12.00
# Visual Studio Version 16
VisualStudioVersion = 16.0.32106.194
MinimumVisualStudioVersion = 10.0.40219.1
Project("{FAE04EC0-301F-11D3-BF4B-00C04F79EFBC}") = "03. Bank Robbery", "03. Bank Robbery\03. Bank Robbery.csproj", "{7F7E6A0C-DE3F-4E19-82C0-CF2D6D48032F}"
EndProject
Global
	GlobalSection(SolutionConfigurationPlatforms) = preSolution
		Debug|Any CPU = Debug|Any CPU
		Release|Any CPU = Release|Any CPU
	EndGlobalSection
	GlobalSection(ProjectConfigurationPlatforms) = postSolution
		{7F7E6A0C-DE3F-4E19-82C0-CF2D6D48032F}.Debug|Any CPU.ActiveCfg = Debug|Any CPU
		{7F7E6A0C-DE3F-4E19-82C0-CF2D6D48032F}.Debug|Any CPU.Build.0 = Debug|Any CPU
		{7F7E6A0C-DE3F-4E19-82C0-CF2D6D48032F}.Release|Any CPU.ActiveCfg = Release|Any CPU
		{7F7E6A0C-DE3F-4E19-82C0-CF2D6D48032F}.Release|Any CPU.Build.0 = Release|Any CPU
	EndGlobalSection
	GlobalSection(SolutionProperties) = preSolution
		HideSolutionNode = FALSE
	EndGlobalSection
	GlobalSection(ExtensibilityGlobals) = postSolution
		SolutionGuid = {36F74B2A-8128-4612-8560-B241CED0D149}
	EndGlobalSection
EndGlobal
