
Microsoft Visual Studio Solution File, Format Version 12.00
# Visual Studio Version 16
VisualStudioVersion = 16.0.32106.194
MinimumVisualStudioVersion = 10.0.40219.1
Project("{FAE04EC0-301F-11D3-BF4B-00C04F79EFBC}") = "04_Generating Vectors", "04_Generating Vectors\04_Generating Vectors.csproj", "{C6ECA0D1-21B7-41EA-B724-3E0E21D2625F}"
EndProject
Global
	GlobalSection(SolutionConfigurationPlatforms) = preSolution
		Debug|Any CPU = Debug|Any CPU
		Release|Any CPU = Release|Any CPU
	EndGlobalSection
	GlobalSection(ProjectConfigurationPlatforms) = postSolution
		{C6ECA0D1-21B7-41EA-B724-3E0E21D2625F}.Debug|Any CPU.ActiveCfg = Debug|Any CPU
		{C6ECA0D1-21B7-41EA-B724-3E0E21D2625F}.Debug|Any CPU.Build.0 = Debug|Any CPU
		{C6ECA0D1-21B7-41EA-B724-3E0E21D2625F}.Release|Any CPU.ActiveCfg = Release|Any CPU
		{C6ECA0D1-21B7-41EA-B724-3E0E21D2625F}.Release|Any CPU.Build.0 = Release|Any CPU
	EndGlobalSection
	GlobalSection(SolutionProperties) = preSolution
		HideSolutionNode = FALSE
	EndGlobalSection
	GlobalSection(ExtensibilityGlobals) = postSolution
		SolutionGuid = {B9A7435E-A13F-4034-B86C-803440D0EAFD}
	EndGlobalSection
EndGlobal
