
Microsoft Visual Studio Solution File, Format Version 12.00
# Visual Studio Version 16
VisualStudioVersion = 16.0.32106.194
MinimumVisualStudioVersion = 10.0.40219.1
Project("{FAE04EC0-301F-11D3-BF4B-00C04F79EFBC}") = "01. Binary Search", "01. Binary Search\01. Binary Search.csproj", "{73B868DE-34E0-40AA-82FD-FE206C737CD8}"
EndProject
Global
	GlobalSection(SolutionConfigurationPlatforms) = preSolution
		Debug|Any CPU = Debug|Any CPU
		Release|Any CPU = Release|Any CPU
	EndGlobalSection
	GlobalSection(ProjectConfigurationPlatforms) = postSolution
		{73B868DE-34E0-40AA-82FD-FE206C737CD8}.Debug|Any CPU.ActiveCfg = Debug|Any CPU
		{73B868DE-34E0-40AA-82FD-FE206C737CD8}.Debug|Any CPU.Build.0 = Debug|Any CPU
		{73B868DE-34E0-40AA-82FD-FE206C737CD8}.Release|Any CPU.ActiveCfg = Release|Any CPU
		{73B868DE-34E0-40AA-82FD-FE206C737CD8}.Release|Any CPU.Build.0 = Release|Any CPU
	EndGlobalSection
	GlobalSection(SolutionProperties) = preSolution
		HideSolutionNode = FALSE
	EndGlobalSection
	GlobalSection(ExtensibilityGlobals) = postSolution
		SolutionGuid = {D365AA08-EF85-49BE-840E-27E3FCAD1F28}
	EndGlobalSection
EndGlobal
