
Microsoft Visual Studio Solution File, Format Version 12.00
# Visual Studio Version 16
VisualStudioVersion = 16.0.32106.194
MinimumVisualStudioVersion = 10.0.40219.1
Project("{FAE04EC0-301F-11D3-BF4B-00C04F79EFBC}") = "02. Paths", "02. Paths\02. Paths.csproj", "{7790E16D-3C4A-4BF1-A895-C0BA7D7AE4DD}"
EndProject
Global
	GlobalSection(SolutionConfigurationPlatforms) = preSolution
		Debug|Any CPU = Debug|Any CPU
		Release|Any CPU = Release|Any CPU
	EndGlobalSection
	GlobalSection(ProjectConfigurationPlatforms) = postSolution
		{7790E16D-3C4A-4BF1-A895-C0BA7D7AE4DD}.Debug|Any CPU.ActiveCfg = Debug|Any CPU
		{7790E16D-3C4A-4BF1-A895-C0BA7D7AE4DD}.Debug|Any CPU.Build.0 = Debug|Any CPU
		{7790E16D-3C4A-4BF1-A895-C0BA7D7AE4DD}.Release|Any CPU.ActiveCfg = Release|Any CPU
		{7790E16D-3C4A-4BF1-A895-C0BA7D7AE4DD}.Release|Any CPU.Build.0 = Release|Any CPU
	EndGlobalSection
	GlobalSection(SolutionProperties) = preSolution
		HideSolutionNode = FALSE
	EndGlobalSection
	GlobalSection(ExtensibilityGlobals) = postSolution
		SolutionGuid = {DFC8F2A2-EB37-4E58-AF95-9798D4A9AB2D}
	EndGlobalSection
EndGlobal
