
Microsoft Visual Studio Solution File, Format Version 12.00
# Visual Studio Version 16
VisualStudioVersion = 16.0.32106.194
MinimumVisualStudioVersion = 10.0.40219.1
Project("{FAE04EC0-301F-11D3-BF4B-00C04F79EFBC}") = "01. Distance Between Vertices", "01. Distance Between Vertices\01. Distance Between Vertices.csproj", "{6C5B4A18-B317-4A3B-99A6-29BAD0F6D2D1}"
EndProject
Global
	GlobalSection(SolutionConfigurationPlatforms) = preSolution
		Debug|Any CPU = Debug|Any CPU
		Release|Any CPU = Release|Any CPU
	EndGlobalSection
	GlobalSection(ProjectConfigurationPlatforms) = postSolution
		{6C5B4A18-B317-4A3B-99A6-29BAD0F6D2D1}.Debug|Any CPU.ActiveCfg = Debug|Any CPU
		{6C5B4A18-B317-4A3B-99A6-29BAD0F6D2D1}.Debug|Any CPU.Build.0 = Debug|Any CPU
		{6C5B4A18-B317-4A3B-99A6-29BAD0F6D2D1}.Release|Any CPU.ActiveCfg = Release|Any CPU
		{6C5B4A18-B317-4A3B-99A6-29BAD0F6D2D1}.Release|Any CPU.Build.0 = Release|Any CPU
	EndGlobalSection
	GlobalSection(SolutionProperties) = preSolution
		HideSolutionNode = FALSE
	EndGlobalSection
	GlobalSection(ExtensibilityGlobals) = postSolution
		SolutionGuid = {C4B557CA-4602-4AA2-B29D-D26575E985E4}
	EndGlobalSection
EndGlobal
