
Microsoft Visual Studio Solution File, Format Version 12.00
# Visual Studio Version 16
VisualStudioVersion = 16.0.32106.194
MinimumVisualStudioVersion = 10.0.40219.1
Project("{FAE04EC0-301F-11D3-BF4B-00C04F79EFBC}") = "05. School Teams", "05. School Teams\05. School Teams.csproj", "{5414B31D-3778-4309-92A4-36D9F1C8A0D4}"
EndProject
Global
	GlobalSection(SolutionConfigurationPlatforms) = preSolution
		Debug|Any CPU = Debug|Any CPU
		Release|Any CPU = Release|Any CPU
	EndGlobalSection
	GlobalSection(ProjectConfigurationPlatforms) = postSolution
		{5414B31D-3778-4309-92A4-36D9F1C8A0D4}.Debug|Any CPU.ActiveCfg = Debug|Any CPU
		{5414B31D-3778-4309-92A4-36D9F1C8A0D4}.Debug|Any CPU.Build.0 = Debug|Any CPU
		{5414B31D-3778-4309-92A4-36D9F1C8A0D4}.Release|Any CPU.ActiveCfg = Release|Any CPU
		{5414B31D-3778-4309-92A4-36D9F1C8A0D4}.Release|Any CPU.Build.0 = Release|Any CPU
	EndGlobalSection
	GlobalSection(SolutionProperties) = preSolution
		HideSolutionNode = FALSE
	EndGlobalSection
	GlobalSection(ExtensibilityGlobals) = postSolution
		SolutionGuid = {6FED1680-2972-459D-B502-FFF123C63AE0}
	EndGlobalSection
EndGlobal
