
Microsoft Visual Studio Solution File, Format Version 12.00
# Visual Studio Version 16
VisualStudioVersion = 16.0.32106.194
MinimumVisualStudioVersion = 10.0.40219.1
Project("{FAE04EC0-301F-11D3-BF4B-00C04F79EFBC}") = "01. Binomial Coefficients", "01. Binomial Coefficients\01. Binomial Coefficients.csproj", "{95EAC1CB-25A8-45D6-91E0-EF8C692618EB}"
EndProject
Global
	GlobalSection(SolutionConfigurationPlatforms) = preSolution
		Debug|Any CPU = Debug|Any CPU
		Release|Any CPU = Release|Any CPU
	EndGlobalSection
	GlobalSection(ProjectConfigurationPlatforms) = postSolution
		{95EAC1CB-25A8-45D6-91E0-EF8C692618EB}.Debug|Any CPU.ActiveCfg = Debug|Any CPU
		{95EAC1CB-25A8-45D6-91E0-EF8C692618EB}.Debug|Any CPU.Build.0 = Debug|Any CPU
		{95EAC1CB-25A8-45D6-91E0-EF8C692618EB}.Release|Any CPU.ActiveCfg = Release|Any CPU
		{95EAC1CB-25A8-45D6-91E0-EF8C692618EB}.Release|Any CPU.Build.0 = Release|Any CPU
	EndGlobalSection
	GlobalSection(SolutionProperties) = preSolution
		HideSolutionNode = FALSE
	EndGlobalSection
	GlobalSection(ExtensibilityGlobals) = postSolution
		SolutionGuid = {E91F9863-9E59-4705-8878-27959CA30DAB}
	EndGlobalSection
EndGlobal
