
Microsoft Visual Studio Solution File, Format Version 12.00
# Visual Studio Version 16
VisualStudioVersion = 16.0.32106.194
MinimumVisualStudioVersion = 10.0.40219.1
Project("{FAE04EC0-301F-11D3-BF4B-00C04F79EFBC}") = "02. Dividing Presents", "02. Dividing Presents\02. Dividing Presents.csproj", "{3992E6E5-9E08-424E-8068-338E454F5F4D}"
EndProject
Global
	GlobalSection(SolutionConfigurationPlatforms) = preSolution
		Debug|Any CPU = Debug|Any CPU
		Release|Any CPU = Release|Any CPU
	EndGlobalSection
	GlobalSection(ProjectConfigurationPlatforms) = postSolution
		{3992E6E5-9E08-424E-8068-338E454F5F4D}.Debug|Any CPU.ActiveCfg = Debug|Any CPU
		{3992E6E5-9E08-424E-8068-338E454F5F4D}.Debug|Any CPU.Build.0 = Debug|Any CPU
		{3992E6E5-9E08-424E-8068-338E454F5F4D}.Release|Any CPU.ActiveCfg = Release|Any CPU
		{3992E6E5-9E08-424E-8068-338E454F5F4D}.Release|Any CPU.Build.0 = Release|Any CPU
	EndGlobalSection
	GlobalSection(SolutionProperties) = preSolution
		HideSolutionNode = FALSE
	EndGlobalSection
	GlobalSection(ExtensibilityGlobals) = postSolution
		SolutionGuid = {DD291BEA-808E-4A0C-94BD-480FBB7E3BA1}
	EndGlobalSection
EndGlobal
