
Microsoft Visual Studio Solution File, Format Version 12.00
# Visual Studio Version 16
VisualStudioVersion = 16.0.32106.194
MinimumVisualStudioVersion = 10.0.40219.1
Project("{FAE04EC0-301F-11D3-BF4B-00C04F79EFBC}") = "01_With_BFS", "01_With_BFS\01_With_BFS.csproj", "{84940AF1-3E73-437F-998A-AC0C592CF33E}"
EndProject
Global
	GlobalSection(SolutionConfigurationPlatforms) = preSolution
		Debug|Any CPU = Debug|Any CPU
		Release|Any CPU = Release|Any CPU
	EndGlobalSection
	GlobalSection(ProjectConfigurationPlatforms) = postSolution
		{84940AF1-3E73-437F-998A-AC0C592CF33E}.Debug|Any CPU.ActiveCfg = Debug|Any CPU
		{84940AF1-3E73-437F-998A-AC0C592CF33E}.Debug|Any CPU.Build.0 = Debug|Any CPU
		{84940AF1-3E73-437F-998A-AC0C592CF33E}.Release|Any CPU.ActiveCfg = Release|Any CPU
		{84940AF1-3E73-437F-998A-AC0C592CF33E}.Release|Any CPU.Build.0 = Release|Any CPU
	EndGlobalSection
	GlobalSection(SolutionProperties) = preSolution
		HideSolutionNode = FALSE
	EndGlobalSection
	GlobalSection(ExtensibilityGlobals) = postSolution
		SolutionGuid = {66857248-F365-45E7-A405-5BB6BACB866E}
	EndGlobalSection
EndGlobal
