
Microsoft Visual Studio Solution File, Format Version 12.00
# Visual Studio Version 16
VisualStudioVersion = 16.0.32106.194
MinimumVisualStudioVersion = 10.0.40219.1
Project("{FAE04EC0-301F-11D3-BF4B-00C04F79EFBC}") = "03_Recursive Drawing", "03_Recursive Drawing\03_Recursive Drawing.csproj", "{73CF0968-1E0B-43C6-8DEA-682A8DC3FE81}"
EndProject
Global
	GlobalSection(SolutionConfigurationPlatforms) = preSolution
		Debug|Any CPU = Debug|Any CPU
		Release|Any CPU = Release|Any CPU
	EndGlobalSection
	GlobalSection(ProjectConfigurationPlatforms) = postSolution
		{73CF0968-1E0B-43C6-8DEA-682A8DC3FE81}.Debug|Any CPU.ActiveCfg = Debug|Any CPU
		{73CF0968-1E0B-43C6-8DEA-682A8DC3FE81}.Debug|Any CPU.Build.0 = Debug|Any CPU
		{73CF0968-1E0B-43C6-8DEA-682A8DC3FE81}.Release|Any CPU.ActiveCfg = Release|Any CPU
		{73CF0968-1E0B-43C6-8DEA-682A8DC3FE81}.Release|Any CPU.Build.0 = Release|Any CPU
	EndGlobalSection
	GlobalSection(SolutionProperties) = preSolution
		HideSolutionNode = FALSE
	EndGlobalSection
	GlobalSection(ExtensibilityGlobals) = postSolution
		SolutionGuid = {9B6D9D28-A560-4EFD-9210-4091378C0DA6}
	EndGlobalSection
EndGlobal
