
Microsoft Visual Studio Solution File, Format Version 12.00
# Visual Studio Version 16
VisualStudioVersion = 16.0.32106.194
MinimumVisualStudioVersion = 10.0.40219.1
Project("{FAE04EC0-301F-11D3-BF4B-00C04F79EFBC}") = "02. Universes", "02. Universes\02. Universes.csproj", "{365DB3F9-31ED-4BC1-9864-632A09BFD3E1}"
EndProject
Global
	GlobalSection(SolutionConfigurationPlatforms) = preSolution
		Debug|Any CPU = Debug|Any CPU
		Release|Any CPU = Release|Any CPU
	EndGlobalSection
	GlobalSection(ProjectConfigurationPlatforms) = postSolution
		{365DB3F9-31ED-4BC1-9864-632A09BFD3E1}.Debug|Any CPU.ActiveCfg = Debug|Any CPU
		{365DB3F9-31ED-4BC1-9864-632A09BFD3E1}.Debug|Any CPU.Build.0 = Debug|Any CPU
		{365DB3F9-31ED-4BC1-9864-632A09BFD3E1}.Release|Any CPU.ActiveCfg = Release|Any CPU
		{365DB3F9-31ED-4BC1-9864-632A09BFD3E1}.Release|Any CPU.Build.0 = Release|Any CPU
	EndGlobalSection
	GlobalSection(SolutionProperties) = preSolution
		HideSolutionNode = FALSE
	EndGlobalSection
	GlobalSection(ExtensibilityGlobals) = postSolution
		SolutionGuid = {3F78B9FC-4A90-4E11-8C8F-393E391FE322}
	EndGlobalSection
EndGlobal
