
Microsoft Visual Studio Solution File, Format Version 12.00
# Visual Studio Version 16
VisualStudioVersion = 16.0.32106.194
MinimumVisualStudioVersion = 10.0.40219.1
Project("{FAE04EC0-301F-11D3-BF4B-00C04F79EFBC}") = "01. Super Set", "01. Super Set\01. Super Set.csproj", "{B5CAC526-34B3-4B17-BB0B-49F21A498CA6}"
EndProject
Global
	GlobalSection(SolutionConfigurationPlatforms) = preSolution
		Debug|Any CPU = Debug|Any CPU
		Release|Any CPU = Release|Any CPU
	EndGlobalSection
	GlobalSection(ProjectConfigurationPlatforms) = postSolution
		{B5CAC526-34B3-4B17-BB0B-49F21A498CA6}.Debug|Any CPU.ActiveCfg = Debug|Any CPU
		{B5CAC526-34B3-4B17-BB0B-49F21A498CA6}.Debug|Any CPU.Build.0 = Debug|Any CPU
		{B5CAC526-34B3-4B17-BB0B-49F21A498CA6}.Release|Any CPU.ActiveCfg = Release|Any CPU
		{B5CAC526-34B3-4B17-BB0B-49F21A498CA6}.Release|Any CPU.Build.0 = Release|Any CPU
	EndGlobalSection
	GlobalSection(SolutionProperties) = preSolution
		HideSolutionNode = FALSE
	EndGlobalSection
	GlobalSection(ExtensibilityGlobals) = postSolution
		SolutionGuid = {DEE80B78-071B-4AA0-84E0-07D117BFB15E}
	EndGlobalSection
EndGlobal
