
Microsoft Visual Studio Solution File, Format Version 12.00
# Visual Studio Version 16
VisualStudioVersion = 16.0.32106.194
MinimumVisualStudioVersion = 10.0.40219.1
Project("{FAE04EC0-301F-11D3-BF4B-00C04F79EFBC}") = "07. Sum of Coins", "07. Sum of Coins\07. Sum of Coins.csproj", "{9DCEF44B-AEC2-4BA7-9AAC-2E49F5CB2D0B}"
EndProject
Global
	GlobalSection(SolutionConfigurationPlatforms) = preSolution
		Debug|Any CPU = Debug|Any CPU
		Release|Any CPU = Release|Any CPU
	EndGlobalSection
	GlobalSection(ProjectConfigurationPlatforms) = postSolution
		{9DCEF44B-AEC2-4BA7-9AAC-2E49F5CB2D0B}.Debug|Any CPU.ActiveCfg = Debug|Any CPU
		{9DCEF44B-AEC2-4BA7-9AAC-2E49F5CB2D0B}.Debug|Any CPU.Build.0 = Debug|Any CPU
		{9DCEF44B-AEC2-4BA7-9AAC-2E49F5CB2D0B}.Release|Any CPU.ActiveCfg = Release|Any CPU
		{9DCEF44B-AEC2-4BA7-9AAC-2E49F5CB2D0B}.Release|Any CPU.Build.0 = Release|Any CPU
	EndGlobalSection
	GlobalSection(SolutionProperties) = preSolution
		HideSolutionNode = FALSE
	EndGlobalSection
	GlobalSection(ExtensibilityGlobals) = postSolution
		SolutionGuid = {18E58CD5-AFF3-407D-8936-7B33F42F0539}
	EndGlobalSection
EndGlobal
